// !$*UTF8*$!
{
	archiveVersion = 1;
	classes = {
	};
	objectVersion = 48;
	objects = {

/* Begin PBXBuildFile section */
		231E1E901F965864005BF26B /* AppDelegate.swift in Sources */ = {isa = PBXBuildFile; fileRef = 231E1E8F1F965864005BF26B /* AppDelegate.swift */; };
		231E1E951F965864005BF26B /* Main.storyboard in Resources */ = {isa = PBXBuildFile; fileRef = 231E1E931F965864005BF26B /* Main.storyboard */; };
		231E1E971F965864005BF26B /* Assets.xcassets in Resources */ = {isa = PBXBuildFile; fileRef = 231E1E961F965864005BF26B /* Assets.xcassets */; };
		231E1E9A1F965864005BF26B /* LaunchScreen.storyboard in Resources */ = {isa = PBXBuildFile; fileRef = 231E1E981F965864005BF26B /* LaunchScreen.storyboard */; };
		231E1EA51F965864005BF26B /* playbackTests.swift in Sources */ = {isa = PBXBuildFile; fileRef = 231E1EA41F965864005BF26B /* playbackTests.swift */; };
		231E1EB01F965864005BF26B /* playbackUITests.swift in Sources */ = {isa = PBXBuildFile; fileRef = 231E1EAF1F965864005BF26B /* playbackUITests.swift */; };
		231E1EBE1F965BD3005BF26B /* HomeViewController.swift in Sources */ = {isa = PBXBuildFile; fileRef = 231E1EBD1F965BD3005BF26B /* HomeViewController.swift */; };
		234444AA1F97510B005DA20F /* PlaySoundViewController.swift in Sources */ = {isa = PBXBuildFile; fileRef = 234444A91F97510B005DA20F /* PlaySoundViewController.swift */; };
/* End PBXBuildFile section */

/* Begin PBXContainerItemProxy section */
		231E1EA11F965864005BF26B /* PBXContainerItemProxy */ = {
			isa = PBXContainerItemProxy;
			containerPortal = 231E1E841F965864005BF26B /* Project object */;
			proxyType = 1;
			remoteGlobalIDString = 231E1E8B1F965864005BF26B;
			remoteInfo = playback;
		};
		231E1EAC1F965864005BF26B /* PBXContainerItemProxy */ = {
			isa = PBXContainerItemProxy;
			containerPortal = 231E1E841F965864005BF26B /* Project object */;
			proxyType = 1;
			remoteGlobalIDString = 231E1E8B1F965864005BF26B;
			remoteInfo = playback;
		};
/* End PBXContainerItemProxy section */

/* Begin PBXFileReference section */
		231E1E8C1F965864005BF26B /* playback.app */ = {isa = PBXFileReference; explicitFileType = wrapper.application; includeInIndex = 0; path = playback.app; sourceTree = BUILT_PRODUCTS_DIR; };
		231E1E8F1F965864005BF26B /* AppDelegate.swift */ = {isa = PBXFileReference; lastKnownFileType = sourcecode.swift; path = AppDelegate.swift; sourceTree = "<group>"; };
		231E1E941F965864005BF26B /* Base */ = {isa = PBXFileReference; lastKnownFileType = file.storyboard; name = Base; path = Base.lproj/Main.storyboard; sourceTree = "<group>"; };
		231E1E961F965864005BF26B /* Assets.xcassets */ = {isa = PBXFileReference; lastKnownFileType = folder.assetcatalog; path = Assets.xcassets; sourceTree = "<group>"; };
		231E1E991F965864005BF26B /* Base */ = {isa = PBXFileReference; lastKnownFileType = file.storyboard; name = Base; path = Base.lproj/LaunchScreen.storyboard; sourceTree = "<group>"; };
		231E1E9B1F965864005BF26B /* Info.plist */ = {isa = PBXFileReference; lastKnownFileType = text.plist.xml; path = Info.plist; sourceTree = "<group>"; };
		231E1EA01F965864005BF26B /* playbackTests.xctest */ = {isa = PBXFileReference; explicitFileType = wrapper.cfbundle; includeInIndex = 0; path = playbackTests.xctest; sourceTree = BUILT_PRODUCTS_DIR; };
		231E1EA41F965864005BF26B /* playbackTests.swift */ = {isa = PBXFileReference; lastKnownFileType = sourcecode.swift; path = playbackTests.swift; sourceTree = "<group>"; };
		231E1EA61F965864005BF26B /* Info.plist */ = {isa = PBXFileReference; lastKnownFileType = text.plist.xml; path = Info.plist; sourceTree = "<group>"; };
		231E1EAB1F965864005BF26B /* playbackUITests.xctest */ = {isa = PBXFileReference; explicitFileType = wrapper.cfbundle; includeInIndex = 0; path = playbackUITests.xctest; sourceTree = BUILT_PRODUCTS_DIR; };
		231E1EAF1F965864005BF26B /* playbackUITests.swift */ = {isa = PBXFileReference; lastKnownFileType = sourcecode.swift; path = playbackUITests.swift; sourceTree = "<group>"; };
		231E1EB11F965864005BF26B /* Info.plist */ = {isa = PBXFileReference; lastKnownFileType = text.plist.xml; path = Info.plist; sourceTree = "<group>"; };
		231E1EBD1F965BD3005BF26B /* HomeViewController.swift */ = {isa = PBXFileReference; lastKnownFileType = sourcecode.swift; path = HomeViewController.swift; sourceTree = "<group>"; };
		234444A91F97510B005DA20F /* PlaySoundViewController.swift */ = {isa = PBXFileReference; lastKnownFileType = sourcecode.swift; path = PlaySoundViewController.swift; sourceTree = "<group>"; };
/* End PBXFileReference section */

/* Begin PBXFrameworksBuildPhase section */
		231E1E891F965864005BF26B /* Frameworks */ = {
			isa = PBXFrameworksBuildPhase;
			buildActionMask = 2147483647;
			files = (
			);
			runOnlyForDeploymentPostprocessing = 0;
		};
		231E1E9D1F965864005BF26B /* Frameworks */ = {
			isa = PBXFrameworksBuildPhase;
			buildActionMask = 2147483647;
			files = (
			);
			runOnlyForDeploymentPostprocessing = 0;
		};
		231E1EA81F965864005BF26B /* Frameworks */ = {
			isa = PBXFrameworksBuildPhase;
			buildActionMask = 2147483647;
			files = (
			);
			runOnlyForDeploymentPostprocessing = 0;
		};
/* End PBXFrameworksBuildPhase section */

/* Begin PBXGroup section */
		231E1E831F965864005BF26B = {
			isa = PBXGroup;
			children = (
				231E1E8E1F965864005BF26B /* playback */,
				231E1EA31F965864005BF26B /* playbackTests */,
				231E1EAE1F965864005BF26B /* playbackUITests */,
				231E1E8D1F965864005BF26B /* Products */,
			);
			sourceTree = "<group>";
		};
		231E1E8D1F965864005BF26B /* Products */ = {
			isa = PBXGroup;
			children = (
				231E1E8C1F965864005BF26B /* playback.app */,
				231E1EA01F965864005BF26B /* playbackTests.xctest */,
				231E1EAB1F965864005BF26B /* playbackUITests.xctest */,
			);
			name = Products;
			sourceTree = "<group>";
		};
		231E1E8E1F965864005BF26B /* playback */ = {
			isa = PBXGroup;
			children = (
				23F0AB141F976E44009E065D /* ViewController */,
				231E1E8F1F965864005BF26B /* AppDelegate.swift */,
				231E1E931F965864005BF26B /* Main.storyboard */,
				231E1E961F965864005BF26B /* Assets.xcassets */,
				231E1E981F965864005BF26B /* LaunchScreen.storyboard */,
				231E1E9B1F965864005BF26B /* Info.plist */,
			);
			path = playback;
			sourceTree = "<group>";
		};
		231E1EA31F965864005BF26B /* playbackTests */ = {
			isa = PBXGroup;
			children = (
				231E1EA41F965864005BF26B /* playbackTests.swift */,
				231E1EA61F965864005BF26B /* Info.plist */,
			);
			path = playbackTests;
			sourceTree = "<group>";
		};
		231E1EAE1F965864005BF26B /* playbackUITests */ = {
			isa = PBXGroup;
			children = (
				231E1EAF1F965864005BF26B /* playbackUITests.swift */,
				231E1EB11F965864005BF26B /* Info.plist */,
			);
			path = playbackUITests;
			sourceTree = "<group>";
		};
		23F0AB141F976E44009E065D /* ViewController */ = {
			isa = PBXGroup;
			children = (
				231E1EBD1F965BD3005BF26B /* HomeViewController.swift */,
				234444A91F97510B005DA20F /* PlaySoundViewController.swift */,
			);
			path = ViewController;
			sourceTree = "<group>";
		};
/* End PBXGroup section */

/* Begin PBXNativeTarget section */
		231E1E8B1F965864005BF26B /* playback */ = {
			isa = PBXNativeTarget;
			buildConfigurationList = 231E1EB41F965864005BF26B /* Build configuration list for PBXNativeTarget "playback" */;
			buildPhases = (
				231E1E881F965864005BF26B /* Sources */,
				231E1E891F965864005BF26B /* Frameworks */,
				231E1E8A1F965864005BF26B /* Resources */,
			);
			buildRules = (
			);
			dependencies = (
			);
			name = playback;
			productName = playback;
			productReference = 231E1E8C1F965864005BF26B /* playback.app */;
			productType = "com.apple.product-type.application";
		};
		231E1E9F1F965864005BF26B /* playbackTests */ = {
			isa = PBXNativeTarget;
			buildConfigurationList = 231E1EB71F965864005BF26B /* Build configuration list for PBXNativeTarget "playbackTests" */;
			buildPhases = (
				231E1E9C1F965864005BF26B /* Sources */,
				231E1E9D1F965864005BF26B /* Frameworks */,
				231E1E9E1F965864005BF26B /* Resources */,
			);
			buildRules = (
			);
			dependencies = (
				231E1EA21F965864005BF26B /* PBXTargetDependency */,
			);
			name = playbackTests;
			productName = playbackTests;
			productReference = 231E1EA01F965864005BF26B /* playbackTests.xctest */;
			productType = "com.apple.product-type.bundle.unit-test";
		};
		231E1EAA1F965864005BF26B /* playbackUITests */ = {
			isa = PBXNativeTarget;
			buildConfigurationList = 231E1EBA1F965864005BF26B /* Build configuration list for PBXNativeTarget "playbackUITests" */;
			buildPhases = (
				231E1EA71F965864005BF26B /* Sources */,
				231E1EA81F965864005BF26B /* Frameworks */,
				231E1EA91F965864005BF26B /* Resources */,
			);
			buildRules = (
			);
			dependencies = (
				231E1EAD1F965864005BF26B /* PBXTargetDependency */,
			);
			name = playbackUITests;
			productName = playbackUITests;
			productReference = 231E1EAB1F965864005BF26B /* playbackUITests.xctest */;
			productType = "com.apple.product-type.bundle.ui-testing";
		};
/* End PBXNativeTarget section */

/* Begin PBXProject section */
		231E1E841F965864005BF26B /* Project object */ = {
			isa = PBXProject;
			attributes = {
				LastSwiftUpdateCheck = 0900;
				LastUpgradeCheck = 0900;
				ORGANIZATIONNAME = Devint;
				TargetAttributes = {
					231E1E8B1F965864005BF26B = {
						CreatedOnToolsVersion = 9.0;
						ProvisioningStyle = Automatic;
					};
					231E1E9F1F965864005BF26B = {
						CreatedOnToolsVersion = 9.0;
						ProvisioningStyle = Automatic;
						TestTargetID = 231E1E8B1F965864005BF26B;
					};
					231E1EAA1F965864005BF26B = {
						CreatedOnToolsVersion = 9.0;
						ProvisioningStyle = Automatic;
						TestTargetID = 231E1E8B1F965864005BF26B;
					};
				};
			};
			buildConfigurationList = 231E1E871F965864005BF26B /* Build configuration list for PBXProject "playback" */;
			compatibilityVersion = "Xcode 8.0";
			developmentRegion = en;
			hasScannedForEncodings = 0;
			knownRegions = (
				en,
				Base,
			);
			mainGroup = 231E1E831F965864005BF26B;
			productRefGroup = 231E1E8D1F965864005BF26B /* Products */;
			projectDirPath = "";
			projectRoot = "";
			targets = (
				231E1E8B1F965864005BF26B /* playback */,
				231E1E9F1F965864005BF26B /* playbackTests */,
				231E1EAA1F965864005BF26B /* playbackUITests */,
			);
		};
/* End PBXProject section */

/* Begin PBXResourcesBuildPhase section */
		231E1E8A1F965864005BF26B /* Resources */ = {
			isa = PBXResourcesBuildPhase;
			buildActionMask = 2147483647;
			files = (
				231E1E9A1F965864005BF26B /* LaunchScreen.storyboard in Resources */,
				231E1E971F965864005BF26B /* Assets.xcassets in Resources */,
				231E1E951F965864005BF26B /* Main.storyboard in Resources */,
			);
			runOnlyForDeploymentPostprocessing = 0;
		};
		231E1E9E1F965864005BF26B /* Resources */ = {
			isa = PBXResourcesBuildPhase;
			buildActionMask = 2147483647;
			files = (
			);
			runOnlyForDeploymentPostprocessing = 0;
		};
		231E1EA91F965864005BF26B /* Resources */ = {
			isa = PBXResourcesBuildPhase;
			buildActionMask = 2147483647;
			files = (
			);
			runOnlyForDeploymentPostprocessing = 0;
		};
/* End PBXResourcesBuildPhase section */

/* Begin PBXSourcesBuildPhase section */
		231E1E881F965864005BF26B /* Sources */ = {
			isa = PBXSourcesBuildPhase;
			buildActionMask = 2147483647;
			files = (
				231E1E901F965864005BF26B /* AppDelegate.swift in Sources */,
				234444AA1F97510B005DA20F /* PlaySoundViewController.swift in Sources */,
				231E1EBE1F965BD3005BF26B /* HomeViewController.swift in Sources */,
			);
			runOnlyForDeploymentPostprocessing = 0;
		};
		231E1E9C1F965864005BF26B /* Sources */ = {
			isa = PBXSourcesBuildPhase;
			buildActionMask = 2147483647;
			files = (
				231E1EA51F965864005BF26B /* playbackTests.swift in Sources */,
			);
			runOnlyForDeploymentPostprocessing = 0;
		};
		231E1EA71F965864005BF26B /* Sources */ = {
			isa = PBXSourcesBuildPhase;
			buildActionMask = 2147483647;
			files = (
				231E1EB01F965864005BF26B /* playbackUITests.swift in Sources */,
			);
			runOnlyForDeploymentPostprocessing = 0;
		};
/* End PBXSourcesBuildPhase section */

/* Begin PBXTargetDependency section */
		231E1EA21F965864005BF26B /* PBXTargetDependency */ = {
			isa = PBXTargetDependency;
			target = 231E1E8B1F965864005BF26B /* playback */;
			targetProxy = 231E1EA11F965864005BF26B /* PBXContainerItemProxy */;
		};
		231E1EAD1F965864005BF26B /* PBXTargetDependency */ = {
			isa = PBXTargetDependency;
			target = 231E1E8B1F965864005BF26B /* playback */;
			targetProxy = 231E1EAC1F965864005BF26B /* PBXContainerItemProxy */;
		};
/* End PBXTargetDependency section */

/* Begin PBXVariantGroup section */
		231E1E931F965864005BF26B /* Main.storyboard */ = {
			isa = PBXVariantGroup;
			children = (
				231E1E941F965864005BF26B /* Base */,
			);
			name = Main.storyboard;
			sourceTree = "<group>";
		};
		231E1E981F965864005BF26B /* LaunchScreen.storyboard */ = {
			isa = PBXVariantGroup;
			children = (
				231E1E991F965864005BF26B /* Base */,
			);
			name = LaunchScreen.storyboard;
			sourceTree = "<group>";
		};
/* End PBXVariantGroup section */

/* Begin XCBuildConfiguration section */
		231E1EB21F965864005BF26B /* Debug */ = {
			isa = XCBuildConfiguration;
			buildSettings = {
				ALWAYS_SEARCH_USER_PATHS = NO;
				CLANG_ANALYZER_NONNULL = YES;
				CLANG_ANALYZER_NUMBER_OBJECT_CONVERSION = YES_AGGRESSIVE;
				CLANG_CXX_LANGUAGE_STANDARD = "gnu++14";
				CLANG_CXX_LIBRARY = "libc++";
				CLANG_ENABLE_MODULES = YES;
				CLANG_ENABLE_OBJC_ARC = YES;
				CLANG_WARN_BLOCK_CAPTURE_AUTORELEASING = YES;
				CLANG_WARN_BOOL_CONVERSION = YES;
				CLANG_WARN_COMMA = YES;
				CLANG_WARN_CONSTANT_CONVERSION = YES;
				CLANG_WARN_DIRECT_OBJC_ISA_USAGE = YES_ERROR;
				CLANG_WARN_DOCUMENTATION_COMMENTS = YES;
				CLANG_WARN_EMPTY_BODY = YES;
				CLANG_WARN_ENUM_CONVERSION = YES;
				CLANG_WARN_INFINITE_RECURSION = YES;
				CLANG_WARN_INT_CONVERSION = YES;
				CLANG_WARN_NON_LITERAL_NULL_CONVERSION = YES;
				CLANG_WARN_OBJC_LITERAL_CONVERSION = YES;
				CLANG_WARN_OBJC_ROOT_CLASS = YES_ERROR;
				CLANG_WARN_RANGE_LOOP_ANALYSIS = YES;
				CLANG_WARN_STRICT_PROTOTYPES = YES;
				CLANG_WARN_SUSPICIOUS_MOVE = YES;
				CLANG_WARN_UNGUARDED_AVAILABILITY = YES_AGGRESSIVE;
				CLANG_WARN_UNREACHABLE_CODE = YES;
				CLANG_WARN__DUPLICATE_METHOD_MATCH = YES;
				CODE_SIGN_IDENTITY = "iPhone Developer";
				COPY_PHASE_STRIP = NO;
				DEBUG_INFORMATION_FORMAT = dwarf;
				ENABLE_STRICT_OBJC_MSGSEND = YES;
				ENABLE_TESTABILITY = YES;
				GCC_C_LANGUAGE_STANDARD = gnu11;
				GCC_DYNAMIC_NO_PIC = NO;
				GCC_NO_COMMON_BLOCKS = YES;
				GCC_OPTIMIZATION_LEVEL = 0;
				GCC_PREPROCESSOR_DEFINITIONS = (
					"DEBUG=1",
					"$(inherited)",
				);
				GCC_WARN_64_TO_32_BIT_CONVERSION = YES;
				GCC_WARN_ABOUT_RETURN_TYPE = YES_ERROR;
				GCC_WARN_UNDECLARED_SELECTOR = YES;
				GCC_WARN_UNINITIALIZED_AUTOS = YES_AGGRESSIVE;
				GCC_WARN_UNUSED_FUNCTION = YES;
				GCC_WARN_UNUSED_VARIABLE = YES;
				IPHONEOS_DEPLOYMENT_TARGET = 11.0;
				MTL_ENABLE_DEBUG_INFO = YES;
				ONLY_ACTIVE_ARCH = YES;
				SDKROOT = iphoneos;
				SWIFT_ACTIVE_COMPILATION_CONDITIONS = DEBUG;
				SWIFT_OPTIMIZATION_LEVEL = "-Onone";
			};
			name = Debug;
		};
		231E1EB31F965864005BF26B /* Release */ = {
			isa = XCBuildConfiguration;
			buildSettings = {
				ALWAYS_SEARCH_USER_PATHS = NO;
				CLANG_ANALYZER_NONNULL = YES;
				CLANG_ANALYZER_NUMBER_OBJECT_CONVERSION = YES_AGGRESSIVE;
				CLANG_CXX_LANGUAGE_STANDARD = "gnu++14";
				CLANG_CXX_LIBRARY = "libc++";
				CLANG_ENABLE_MODULES = YES;
				CLANG_ENABLE_OBJC_ARC = YES;
				CLANG_WARN_BLOCK_CAPTURE_AUTORELEASING = YES;
				CLANG_WARN_BOOL_CONVERSION = YES;
				CLANG_WARN_COMMA = YES;
				CLANG_WARN_CONSTANT_CONVERSION = YES;
				CLANG_WARN_DIRECT_OBJC_ISA_USAGE = YES_ERROR;
				CLANG_WARN_DOCUMENTATION_COMMENTS = YES;
				CLANG_WARN_EMPTY_BODY = YES;
				CLANG_WARN_ENUM_CONVERSION = YES;
				CLANG_WARN_INFINITE_RECURSION = YES;
				CLANG_WARN_INT_CONVERSION = YES;
				CLANG_WARN_NON_LITERAL_NULL_CONVERSION = YES;
				CLANG_WARN_OBJC_LITERAL_CONVERSION = YES;
				CLANG_WARN_OBJC_ROOT_CLASS = YES_ERROR;
				CLANG_WARN_RANGE_LOOP_ANALYSIS = YES;
				CLANG_WARN_STRICT_PROTOTYPES = YES;
				CLANG_WARN_SUSPICIOUS_MOVE = YES;
				CLANG_WARN_UNGUARDED_AVAILABILITY = YES_AGGRESSIVE;
				CLANG_WARN_UNREACHABLE_CODE = YES;
				CLANG_WARN__DUPLICATE_METHOD_MATCH = YES;
				CODE_SIGN_IDENTITY = "iPhone Developer";
				COPY_PHASE_STRIP = NO;
				DEBUG_INFORMATION_FORMAT = "dwarf-with-dsym";
				ENABLE_NS_ASSERTIONS = NO;
				ENABLE_STRICT_OBJC_MSGSEND = YES;
				GCC_C_LANGUAGE_STANDARD = gnu11;
				GCC_NO_COMMON_BLOCKS = YES;
				GCC_WARN_64_TO_32_BIT_CONVERSION = YES;
				GCC_WARN_ABOUT_RETURN_TYPE = YES_ERROR;
				GCC_WARN_UNDECLARED_SELECTOR = YES;
				GCC_WARN_UNINITIALIZED_AUTOS = YES_AGGRESSIVE;
				GCC_WARN_UNUSED_FUNCTION = YES;
				GCC_WARN_UNUSED_VARIABLE = YES;
				IPHONEOS_DEPLOYMENT_TARGET = 11.0;
				MTL_ENABLE_DEBUG_INFO = NO;
				SDKROOT = iphoneos;
				SWIFT_OPTIMIZATION_LEVEL = "-Owholemodule";
				VALIDATE_PRODUCT = YES;
			};
			name = Release;
		};
		231E1EB51F965864005BF26B /* Debug */ = {
			isa = XCBuildConfiguration;
			buildSettings = {
				ASSETCATALOG_COMPILER_APPICON_NAME = AppIcon;
				CODE_SIGN_STYLE = Automatic;
				DEVELOPMENT_TEAM = 235Z7YU89Q;
				INFOPLIST_FILE = playback/Info.plist;
				LD_RUNPATH_SEARCH_PATHS = "$(inherited) @executable_path/Frameworks";
				PRODUCT_BUNDLE_IDENTIFIER = com.hawken.playback;
				PRODUCT_NAME = "$(TARGET_NAME)";
				SWIFT_VERSION = 4.0;
				TARGETED_DEVICE_FAMILY = "1,2";
			};
			name = Debug;
		};
		231E1EB61F965864005BF26B /* Release */ = {
			isa = XCBuildConfiguration;
			buildSettings = {
				ASSETCATALOG_COMPILER_APPICON_NAME = AppIcon;
				CODE_SIGN_STYLE = Automatic;
				DEVELOPMENT_TEAM = 235Z7YU89Q;
				INFOPLIST_FILE = playback/Info.plist;
				LD_RUNPATH_SEARCH_PATHS = "$(inherited) @executable_path/Frameworks";
				PRODUCT_BUNDLE_IDENTIFIER = com.hawken.playback;
				PRODUCT_NAME = "$(TARGET_NAME)";
				SWIFT_VERSION = 4.0;
				TARGETED_DEVICE_FAMILY = "1,2";
			};
			name = Release;
		};
		231E1EB81F965864005BF26B /* Debug */ = {
			isa = XCBuildConfiguration;
			buildSettings = {
				ALWAYS_EMBED_SWIFT_STANDARD_LIBRARIES = YES;
				BUNDLE_LOADER = "$(TEST_HOST)";
				CODE_SIGN_STYLE = Automatic;
				DEVELOPMENT_TEAM = 235Z7YU89Q;
				INFOPLIST_FILE = playbackTests/Info.plist;
				LD_RUNPATH_SEARCH_PATHS = "$(inherited) @executable_path/Frameworks @loader_path/Frameworks";
				PRODUCT_BUNDLE_IDENTIFIER = com.hawken.playbackTests;
				PRODUCT_NAME = "$(TARGET_NAME)";
				SWIFT_VERSION = 4.0;
				TARGETED_DEVICE_FAMILY = "1,2";
				TEST_HOST = "$(BUILT_PRODUCTS_DIR)/playback.app/playback";
			};
			name = Debug;
		};
		231E1EB91F965864005BF26B /* Release */ = {
			isa = XCBuildConfiguration;
			buildSettings = {
				ALWAYS_EMBED_SWIFT_STANDARD_LIBRARIES = YES;
				BUNDLE_LOADER = "$(TEST_HOST)";
				CODE_SIGN_STYLE = Automatic;
				DEVELOPMENT_TEAM = 235Z7YU89Q;
				INFOPLIST_FILE = playbackTests/Info.plist;
				LD_RUNPATH_SEARCH_PATHS = "$(inherited) @executable_path/Frameworks @loader_path/Frameworks";
				PRODUCT_BUNDLE_IDENTIFIER = com.hawken.playbackTests;
				PRODUCT_NAME = "$(TARGET_NAME)";
				SWIFT_VERSION = 4.0;
				TARGETED_DEVICE_FAMILY = "1,2";
				TEST_HOST = "$(BUILT_PRODUCTS_DIR)/playback.app/playback";
			};
			name = Release;
		};
		231E1EBB1F965864005BF26B /* Debug */ = {
			isa = XCBuildConfiguration;
			buildSettings = {
				ALWAYS_EMBED_SWIFT_STANDARD_LIBRARIES = YES;
				CODE_SIGN_STYLE = Automatic;
				DEVELOPMENT_TEAM = 235Z7YU89Q;
				INFOPLIST_FILE = playbackUITests/Info.plist;
				LD_RUNPATH_SEARCH_PATHS = "$(inherited) @executable_path/Frameworks @loader_path/Frameworks";
				PRODUCT_BUNDLE_IDENTIFIER = com.hawken.playbackUITests;
				PRODUCT_NAME = "$(TARGET_NAME)";
				SWIFT_VERSION = 4.0;
				TARGETED_DEVICE_FAMILY = "1,2";
				TEST_TARGET_NAME = playback;
			};
			name = Debug;
		};
		231E1EBC1F965864005BF26B /* Release */ = {
			isa = XCBuildConfiguration;
			buildSettings = {
				ALWAYS_EMBED_SWIFT_STANDARD_LIBRARIES = YES;
				CODE_SIGN_STYLE = Automatic;
				DEVELOPMENT_TEAM = 235Z7YU89Q;
				INFOPLIST_FILE = playbackUITests/Info.plist;
				LD_RUNPATH_SEARCH_PATHS = "$(inherited) @executable_path/Frameworks @loader_path/Frameworks";
				PRODUCT_BUNDLE_IDENTIFIER = com.hawken.playbackUITests;
				PRODUCT_NAME = "$(TARGET_NAME)";
				SWIFT_VERSION = 4.0;
				TARGETED_DEVICE_FAMILY = "1,2";
				TEST_TARGET_NAME = playback;
			};
			name = Release;
		};
/* End XCBuildConfiguration section */

/* Begin XCConfigurationList section */
		231E1E871F965864005BF26B /* Build configuration list for PBXProject "playback" */ = {
			isa = XCConfigurationList;
			buildConfigurations = (
				231E1EB21F965864005BF26B /* Debug */,
				231E1EB31F965864005BF26B /* Release */,
			);
			defaultConfigurationIsVisible = 0;
			defaultConfigurationName = Release;
		};
		231E1EB41F965864005BF26B /* Build configuration list for PBXNativeTarget "playback" */ = {
			isa = XCConfigurationList;
			buildConfigurations = (
				231E1EB51F965864005BF26B /* Debug */,
				231E1EB61F965864005BF26B /* Release */,
			);
			defaultConfigurationIsVisible = 0;
			defaultConfigurationName = Release;
		};
		231E1EB71F965864005BF26B /* Build configuration list for PBXNativeTarget "playbackTests" */ = {
			isa = XCConfigurationList;
			buildConfigurations = (
				231E1EB81F965864005BF26B /* Debug */,
				231E1EB91F965864005BF26B /* Release */,
			);
			defaultConfigurationIsVisible = 0;
			defaultConfigurationName = Release;
		};
		231E1EBA1F965864005BF26B /* Build configuration list for PBXNativeTarget "playbackUITests" */ = {
			isa = XCConfigurationList;
			buildConfigurations = (
				231E1EBB1F965864005BF26B /* Debug */,
				231E1EBC1F965864005BF26B /* Release */,
			);
			defaultConfigurationIsVisible = 0;
			defaultConfigurationName = Release;
		};
/* End XCConfigurationList section */
	};
	rootObject = 231E1E841F965864005BF26B /* Project object */;
}
